
Microsoft Visual Studio Solution File, Format Version 12.00
# Visual Studio Version 16
VisualStudioVersion = 16.0.30907.101
MinimumVisualStudioVersion = 10.0.40219.1
Project("{9A19103F-16F7-4668-BE54-9A1E7A4F7556}") = "CountryPaths.Client", "CountryPaths\Client\CountryPaths.Client.csproj", "{3C3E667A-AF5B-4CD7-9B71-068BF205CE40}"
EndProject
Project("{9A19103F-16F7-4668-BE54-9A1E7A4F7556}") = "CountryPaths.Shared", "CountryPaths\Shared\CountryPaths.Shared.csproj", "{70D9B0EE-5BFD-46DD-8A7D-CF8C12C189BC}"
EndProject
Project("{9A19103F-16F7-4668-BE54-9A1E7A4F7556}") = "CountryPaths.Server", "CountryPaths\Server\CountryPaths.Server.csproj", "{6EDC6178-50C0-400F-901B-463F62EE0946}"
EndProject
Global
	GlobalSection(SolutionConfigurationPlatforms) = preSolution
		Debug|Any CPU = Debug|Any CPU
		Release|Any CPU = Release|Any CPU
	EndGlobalSection
	GlobalSection(ProjectConfigurationPlatforms) = postSolution
		{3C3E667A-AF5B-4CD7-9B71-068BF205CE40}.Debug|Any CPU.ActiveCfg = Debug|Any CPU
		{3C3E667A-AF5B-4CD7-9B71-068BF205CE40}.Debug|Any CPU.Build.0 = Debug|Any CPU
		{3C3E667A-AF5B-4CD7-9B71-068BF205CE40}.Release|Any CPU.ActiveCfg = Release|Any CPU
		{3C3E667A-AF5B-4CD7-9B71-068BF205CE40}.Release|Any CPU.Build.0 = Release|Any CPU
		{70D9B0EE-5BFD-46DD-8A7D-CF8C12C189BC}.Debug|Any CPU.ActiveCfg = Debug|Any CPU
		{70D9B0EE-5BFD-46DD-8A7D-CF8C12C189BC}.Debug|Any CPU.Build.0 = Debug|Any CPU
		{70D9B0EE-5BFD-46DD-8A7D-CF8C12C189BC}.Release|Any CPU.ActiveCfg = Release|Any CPU
		{70D9B0EE-5BFD-46DD-8A7D-CF8C12C189BC}.Release|Any CPU.Build.0 = Release|Any CPU
		{6EDC6178-50C0-400F-901B-463F62EE0946}.Debug|Any CPU.ActiveCfg = Debug|Any CPU
		{6EDC6178-50C0-400F-901B-463F62EE0946}.Debug|Any CPU.Build.0 = Debug|Any CPU
		{6EDC6178-50C0-400F-901B-463F62EE0946}.Release|Any CPU.ActiveCfg = Release|Any CPU
		{6EDC6178-50C0-400F-901B-463F62EE0946}.Release|Any CPU.Build.0 = Release|Any CPU
	EndGlobalSection
	GlobalSection(SolutionProperties) = preSolution
		HideSolutionNode = FALSE
	EndGlobalSection
	GlobalSection(ExtensibilityGlobals) = postSolution
		SolutionGuid = {64FAB966-9919-4C24-A05A-4878367EBE18}
	EndGlobalSection
EndGlobal
